
Microsoft Visual Studio Solution File, Format Version 12.00
# Visual Studio Version 17
VisualStudioVersion = 17.0.31903.59
MinimumVisualStudioVersion = 10.0.40219.1
Project("{FAE04EC0-301F-11D3-BF4B-00C04F79EFBC}") = "ShopWave.Api", "ShopWave.Api\ShopWave.Api.csproj", "{41BD432B-4CFC-476E-8D51-8C9FF007797D}"
EndProject
Project("{FAE04EC0-301F-11D3-BF4B-00C04F79EFBC}") = "ShopWave", "ShopWave\ShopWave.csproj", "{6AE0DF35-9EF2-40B1-863B-2864AD2A8B0E}"
EndProject
Project("{FAE04EC0-301F-11D3-BF4B-00C04F79EFBC}") = "ShopWave.Specs", "ShopWave.Specs\ShopWave.Specs.csproj", "{F0D05FDF-3D35-4930-AA8F-A39F869C5CFF}"
EndProject
Project("{FAE04EC0-301F-11D3-BF4B-00C04F79EFBC}") = "ShopWave.Tests", "ShopWave.Tests\ShopWave.Tests.csproj", "{38A9FD30-3A0E-4CB7-AADE-76B4B3A86D34}"
EndProject
Project("{FAE04EC0-301F-11D3-BF4B-00C04F79EFBC}") = "ShopWave.ConsoleDemo", "ShopWave.ConsoleDemo\ShopWave.ConsoleDemo.csproj", "{6A7AE53E-E80E-418B-B918-6FBABB3073C4}"
EndProject
Project("{FAE04EC0-301F-11D3-BF4B-00C04F79EFBC}") = "ShopWave.Web", "ShopWave.Web\ShopWave.Web.csproj", "{E47B01EB-799D-4866-B7AA-F2896C133B8D}"
EndProject
Global
	GlobalSection(SolutionConfigurationPlatforms) = preSolution
		Debug|Any CPU = Debug|Any CPU
		Debug|x64 = Debug|x64
		Debug|x86 = Debug|x86
		Release|Any CPU = Release|Any CPU
		Release|x64 = Release|x64
		Release|x86 = Release|x86
	EndGlobalSection
	GlobalSection(ProjectConfigurationPlatforms) = postSolution
		{41BD432B-4CFC-476E-8D51-8C9FF007797D}.Debug|Any CPU.ActiveCfg = Debug|Any CPU
		{41BD432B-4CFC-476E-8D51-8C9FF007797D}.Debug|Any CPU.Build.0 = Debug|Any CPU
		{41BD432B-4CFC-476E-8D51-8C9FF007797D}.Debug|x64.ActiveCfg = Debug|Any CPU
		{41BD432B-4CFC-476E-8D51-8C9FF007797D}.Debug|x64.Build.0 = Debug|Any CPU
		{41BD432B-4CFC-476E-8D51-8C9FF007797D}.Debug|x86.ActiveCfg = Debug|Any CPU
		{41BD432B-4CFC-476E-8D51-8C9FF007797D}.Debug|x86.Build.0 = Debug|Any CPU
		{41BD432B-4CFC-476E-8D51-8C9FF007797D}.Release|Any CPU.ActiveCfg = Release|Any CPU
		{41BD432B-4CFC-476E-8D51-8C9FF007797D}.Release|Any CPU.Build.0 = Release|Any CPU
		{41BD432B-4CFC-476E-8D51-8C9FF007797D}.Release|x64.ActiveCfg = Release|Any CPU
		{41BD432B-4CFC-476E-8D51-8C9FF007797D}.Release|x64.Build.0 = Release|Any CPU
		{41BD432B-4CFC-476E-8D51-8C9FF007797D}.Release|x86.ActiveCfg = Release|Any CPU
		{41BD432B-4CFC-476E-8D51-8C9FF007797D}.Release|x86.Build.0 = Release|Any CPU
		{6AE0DF35-9EF2-40B1-863B-2864AD2A8B0E}.Debug|Any CPU.ActiveCfg = Debug|Any CPU
		{6AE0DF35-9EF2-40B1-863B-2864AD2A8B0E}.Debug|Any CPU.Build.0 = Debug|Any CPU
		{6AE0DF35-9EF2-40B1-863B-2864AD2A8B0E}.Debug|x64.ActiveCfg = Debug|Any CPU
		{6AE0DF35-9EF2-40B1-863B-2864AD2A8B0E}.Debug|x64.Build.0 = Debug|Any CPU
		{6AE0DF35-9EF2-40B1-863B-2864AD2A8B0E}.Debug|x86.ActiveCfg = Debug|Any CPU
		{6AE0DF35-9EF2-40B1-863B-2864AD2A8B0E}.Debug|x86.Build.0 = Debug|Any CPU
		{6AE0DF35-9EF2-40B1-863B-2864AD2A8B0E}.Release|Any CPU.ActiveCfg = Release|Any CPU
		{6AE0DF35-9EF2-40B1-863B-2864AD2A8B0E}.Release|Any CPU.Build.0 = Release|Any CPU
		{6AE0DF35-9EF2-40B1-863B-2864AD2A8B0E}.Release|x64.ActiveCfg = Release|Any CPU
		{6AE0DF35-9EF2-40B1-863B-2864AD2A8B0E}.Release|x64.Build.0 = Release|Any CPU
		{6AE0DF35-9EF2-40B1-863B-2864AD2A8B0E}.Release|x86.ActiveCfg = Release|Any CPU
		{6AE0DF35-9EF2-40B1-863B-2864AD2A8B0E}.Release|x86.Build.0 = Release|Any CPU
		{F0D05FDF-3D35-4930-AA8F-A39F869C5CFF}.Debug|Any CPU.ActiveCfg = Debug|Any CPU
		{F0D05FDF-3D35-4930-AA8F-A39F869C5CFF}.Debug|Any CPU.Build.0 = Debug|Any CPU
		{F0D05FDF-3D35-4930-AA8F-A39F869C5CFF}.Debug|x64.ActiveCfg = Debug|Any CPU
		{F0D05FDF-3D35-4930-AA8F-A39F869C5CFF}.Debug|x64.Build.0 = Debug|Any CPU
		{F0D05FDF-3D35-4930-AA8F-A39F869C5CFF}.Debug|x86.ActiveCfg = Debug|Any CPU
		{F0D05FDF-3D35-4930-AA8F-A39F869C5CFF}.Debug|x86.Build.0 = Debug|Any CPU
		{F0D05FDF-3D35-4930-AA8F-A39F869C5CFF}.Release|Any CPU.ActiveCfg = Release|Any CPU
		{F0D05FDF-3D35-4930-AA8F-A39F869C5CFF}.Release|Any CPU.Build.0 = Release|Any CPU
		{F0D05FDF-3D35-4930-AA8F-A39F869C5CFF}.Release|x64.ActiveCfg = Release|Any CPU
		{F0D05FDF-3D35-4930-AA8F-A39F869C5CFF}.Release|x64.Build.0 = Release|Any CPU
		{F0D05FDF-3D35-4930-AA8F-A39F869C5CFF}.Release|x86.ActiveCfg = Release|Any CPU
		{F0D05FDF-3D35-4930-AA8F-A39F869C5CFF}.Release|x86.Build.0 = Release|Any CPU
		{38A9FD30-3A0E-4CB7-AADE-76B4B3A86D34}.Debug|Any CPU.ActiveCfg = Debug|Any CPU
		{38A9FD30-3A0E-4CB7-AADE-76B4B3A86D34}.Debug|Any CPU.Build.0 = Debug|Any CPU
		{38A9FD30-3A0E-4CB7-AADE-76B4B3A86D34}.Debug|x64.ActiveCfg = Debug|Any CPU
		{38A9FD30-3A0E-4CB7-AADE-76B4B3A86D34}.Debug|x64.Build.0 = Debug|Any CPU
		{38A9FD30-3A0E-4CB7-AADE-76B4B3A86D34}.Debug|x86.ActiveCfg = Debug|Any CPU
		{38A9FD30-3A0E-4CB7-AADE-76B4B3A86D34}.Debug|x86.Build.0 = Debug|Any CPU
		{38A9FD30-3A0E-4CB7-AADE-76B4B3A86D34}.Release|Any CPU.ActiveCfg = Release|Any CPU
		{38A9FD30-3A0E-4CB7-AADE-76B4B3A86D34}.Release|Any CPU.Build.0 = Release|Any CPU
		{38A9FD30-3A0E-4CB7-AADE-76B4B3A86D34}.Release|x64.ActiveCfg = Release|Any CPU
		{38A9FD30-3A0E-4CB7-AADE-76B4B3A86D34}.Release|x64.Build.0 = Release|Any CPU
		{38A9FD30-3A0E-4CB7-AADE-76B4B3A86D34}.Release|x86.ActiveCfg = Release|Any CPU
		{38A9FD30-3A0E-4CB7-AADE-76B4B3A86D34}.Release|x86.Build.0 = Release|Any CPU
		{6A7AE53E-E80E-418B-B918-6FBABB3073C4}.Debug|Any CPU.ActiveCfg = Debug|Any CPU
		{6A7AE53E-E80E-418B-B918-6FBABB3073C4}.Debug|Any CPU.Build.0 = Debug|Any CPU
		{6A7AE53E-E80E-418B-B918-6FBABB3073C4}.Debug|x64.ActiveCfg = Debug|Any CPU
		{6A7AE53E-E80E-418B-B918-6FBABB3073C4}.Debug|x64.Build.0 = Debug|Any CPU
		{6A7AE53E-E80E-418B-B918-6FBABB3073C4}.Debug|x86.ActiveCfg = Debug|Any CPU
		{6A7AE53E-E80E-418B-B918-6FBABB3073C4}.Debug|x86.Build.0 = Debug|Any CPU
		{6A7AE53E-E80E-418B-B918-6FBABB3073C4}.Release|Any CPU.ActiveCfg = Release|Any CPU
		{6A7AE53E-E80E-418B-B918-6FBABB3073C4}.Release|Any CPU.Build.0 = Release|Any CPU
		{6A7AE53E-E80E-418B-B918-6FBABB3073C4}.Release|x64.ActiveCfg = Release|Any CPU
		{6A7AE53E-E80E-418B-B918-6FBABB3073C4}.Release|x64.Build.0 = Release|Any CPU
		{6A7AE53E-E80E-418B-B918-6FBABB3073C4}.Release|x86.ActiveCfg = Release|Any CPU
		{6A7AE53E-E80E-418B-B918-6FBABB3073C4}.Release|x86.Build.0 = Release|Any CPU
		{E47B01EB-799D-4866-B7AA-F2896C133B8D}.Debug|Any CPU.ActiveCfg = Debug|Any CPU
		{E47B01EB-799D-4866-B7AA-F2896C133B8D}.Debug|Any CPU.Build.0 = Debug|Any CPU
		{E47B01EB-799D-4866-B7AA-F2896C133B8D}.Debug|x64.ActiveCfg = Debug|Any CPU
		{E47B01EB-799D-4866-B7AA-F2896C133B8D}.Debug|x64.Build.0 = Debug|Any CPU
		{E47B01EB-799D-4866-B7AA-F2896C133B8D}.Debug|x86.ActiveCfg = Debug|Any CPU
		{E47B01EB-799D-4866-B7AA-F2896C133B8D}.Debug|x86.Build.0 = Debug|Any CPU
		{E47B01EB-799D-4866-B7AA-F2896C133B8D}.Release|Any CPU.ActiveCfg = Release|Any CPU
		{E47B01EB-799D-4866-B7AA-F2896C133B8D}.Release|Any CPU.Build.0 = Release|Any CPU
		{E47B01EB-799D-4866-B7AA-F2896C133B8D}.Release|x64.ActiveCfg = Release|Any CPU
		{E47B01EB-799D-4866-B7AA-F2896C133B8D}.Release|x64.Build.0 = Release|Any CPU
		{E47B01EB-799D-4866-B7AA-F2896C133B8D}.Release|x86.ActiveCfg = Release|Any CPU
		{E47B01EB-799D-4866-B7AA-F2896C133B8D}.Release|x86.Build.0 = Release|Any CPU
	EndGlobalSection
	GlobalSection(SolutionProperties) = preSolution
		HideSolutionNode = FALSE
	EndGlobalSection
EndGlobal
