
Microsoft Visual Studio Solution File, Format Version 12.00
# Visual Studio Version 17
VisualStudioVersion = 17.0.31903.59
MinimumVisualStudioVersion = 10.0.40219.1
Project("{FAE04EC0-301F-11D3-BF4B-00C04F79EFBC}") = "ShopWave.Api", "ShopWave.Api\ShopWave.Api.csproj", "{17DA0561-2149-4F9A-AE4A-518F73565390}"
EndProject
Project("{FAE04EC0-301F-11D3-BF4B-00C04F79EFBC}") = "ShopWave", "ShopWave\ShopWave.csproj", "{76D38279-0CB8-41C3-A29A-3CB211A4E60E}"
EndProject
Project("{FAE04EC0-301F-11D3-BF4B-00C04F79EFBC}") = "ShopWave.Specs", "ShopWave.Specs\ShopWave.Specs.csproj", "{D070E088-2E57-465B-B6BE-EA7A5778B378}"
EndProject
Project("{FAE04EC0-301F-11D3-BF4B-00C04F79EFBC}") = "ShopWave.Tests", "ShopWave.Tests\ShopWave.Tests.csproj", "{8167FBFA-D152-4AD6-9465-086E181C5910}"
EndProject
Project("{FAE04EC0-301F-11D3-BF4B-00C04F79EFBC}") = "ShopWave.ConsoleDemo", "ShopWave.ConsoleDemo\ShopWave.ConsoleDemo.csproj", "{870BF8A3-66C9-4566-8357-67ABC3DF40BA}"
EndProject
Project("{FAE04EC0-301F-11D3-BF4B-00C04F79EFBC}") = "ShopWave.Web", "ShopWave.Web\ShopWave.Web.csproj", "{958B6808-6715-403D-8E31-1F559907F163}"
EndProject
Global
	GlobalSection(SolutionConfigurationPlatforms) = preSolution
		Debug|Any CPU = Debug|Any CPU
		Debug|x64 = Debug|x64
		Debug|x86 = Debug|x86
		Release|Any CPU = Release|Any CPU
		Release|x64 = Release|x64
		Release|x86 = Release|x86
	EndGlobalSection
	GlobalSection(ProjectConfigurationPlatforms) = postSolution
		{17DA0561-2149-4F9A-AE4A-518F73565390}.Debug|Any CPU.ActiveCfg = Debug|Any CPU
		{17DA0561-2149-4F9A-AE4A-518F73565390}.Debug|Any CPU.Build.0 = Debug|Any CPU
		{17DA0561-2149-4F9A-AE4A-518F73565390}.Debug|x64.ActiveCfg = Debug|Any CPU
		{17DA0561-2149-4F9A-AE4A-518F73565390}.Debug|x64.Build.0 = Debug|Any CPU
		{17DA0561-2149-4F9A-AE4A-518F73565390}.Debug|x86.ActiveCfg = Debug|Any CPU
		{17DA0561-2149-4F9A-AE4A-518F73565390}.Debug|x86.Build.0 = Debug|Any CPU
		{17DA0561-2149-4F9A-AE4A-518F73565390}.Release|Any CPU.ActiveCfg = Release|Any CPU
		{17DA0561-2149-4F9A-AE4A-518F73565390}.Release|Any CPU.Build.0 = Release|Any CPU
		{17DA0561-2149-4F9A-AE4A-518F73565390}.Release|x64.ActiveCfg = Release|Any CPU
		{17DA0561-2149-4F9A-AE4A-518F73565390}.Release|x64.Build.0 = Release|Any CPU
		{17DA0561-2149-4F9A-AE4A-518F73565390}.Release|x86.ActiveCfg = Release|Any CPU
		{17DA0561-2149-4F9A-AE4A-518F73565390}.Release|x86.Build.0 = Release|Any CPU
		{76D38279-0CB8-41C3-A29A-3CB211A4E60E}.Debug|Any CPU.ActiveCfg = Debug|Any CPU
		{76D38279-0CB8-41C3-A29A-3CB211A4E60E}.Debug|Any CPU.Build.0 = Debug|Any CPU
		{76D38279-0CB8-41C3-A29A-3CB211A4E60E}.Debug|x64.ActiveCfg = Debug|Any CPU
		{76D38279-0CB8-41C3-A29A-3CB211A4E60E}.Debug|x64.Build.0 = Debug|Any CPU
		{76D38279-0CB8-41C3-A29A-3CB211A4E60E}.Debug|x86.ActiveCfg = Debug|Any CPU
		{76D38279-0CB8-41C3-A29A-3CB211A4E60E}.Debug|x86.Build.0 = Debug|Any CPU
		{76D38279-0CB8-41C3-A29A-3CB211A4E60E}.Release|Any CPU.ActiveCfg = Release|Any CPU
		{76D38279-0CB8-41C3-A29A-3CB211A4E60E}.Release|Any CPU.Build.0 = Release|Any CPU
		{76D38279-0CB8-41C3-A29A-3CB211A4E60E}.Release|x64.ActiveCfg = Release|Any CPU
		{76D38279-0CB8-41C3-A29A-3CB211A4E60E}.Release|x64.Build.0 = Release|Any CPU
		{76D38279-0CB8-41C3-A29A-3CB211A4E60E}.Release|x86.ActiveCfg = Release|Any CPU
		{76D38279-0CB8-41C3-A29A-3CB211A4E60E}.Release|x86.Build.0 = Release|Any CPU
		{D070E088-2E57-465B-B6BE-EA7A5778B378}.Debug|Any CPU.ActiveCfg = Debug|Any CPU
		{D070E088-2E57-465B-B6BE-EA7A5778B378}.Debug|Any CPU.Build.0 = Debug|Any CPU
		{D070E088-2E57-465B-B6BE-EA7A5778B378}.Debug|x64.ActiveCfg = Debug|Any CPU
		{D070E088-2E57-465B-B6BE-EA7A5778B378}.Debug|x64.Build.0 = Debug|Any CPU
		{D070E088-2E57-465B-B6BE-EA7A5778B378}.Debug|x86.ActiveCfg = Debug|Any CPU
		{D070E088-2E57-465B-B6BE-EA7A5778B378}.Debug|x86.Build.0 = Debug|Any CPU
		{D070E088-2E57-465B-B6BE-EA7A5778B378}.Release|Any CPU.ActiveCfg = Release|Any CPU
		{D070E088-2E57-465B-B6BE-EA7A5778B378}.Release|Any CPU.Build.0 = Release|Any CPU
		{D070E088-2E57-465B-B6BE-EA7A5778B378}.Release|x64.ActiveCfg = Release|Any CPU
		{D070E088-2E57-465B-B6BE-EA7A5778B378}.Release|x64.Build.0 = Release|Any CPU
		{D070E088-2E57-465B-B6BE-EA7A5778B378}.Release|x86.ActiveCfg = Release|Any CPU
		{D070E088-2E57-465B-B6BE-EA7A5778B378}.Release|x86.Build.0 = Release|Any CPU
		{8167FBFA-D152-4AD6-9465-086E181C5910}.Debug|Any CPU.ActiveCfg = Debug|Any CPU
		{8167FBFA-D152-4AD6-9465-086E181C5910}.Debug|Any CPU.Build.0 = Debug|Any CPU
		{8167FBFA-D152-4AD6-9465-086E181C5910}.Debug|x64.ActiveCfg = Debug|Any CPU
		{8167FBFA-D152-4AD6-9465-086E181C5910}.Debug|x64.Build.0 = Debug|Any CPU
		{8167FBFA-D152-4AD6-9465-086E181C5910}.Debug|x86.ActiveCfg = Debug|Any CPU
		{8167FBFA-D152-4AD6-9465-086E181C5910}.Debug|x86.Build.0 = Debug|Any CPU
		{8167FBFA-D152-4AD6-9465-086E181C5910}.Release|Any CPU.ActiveCfg = Release|Any CPU
		{8167FBFA-D152-4AD6-9465-086E181C5910}.Release|Any CPU.Build.0 = Release|Any CPU
		{8167FBFA-D152-4AD6-9465-086E181C5910}.Release|x64.ActiveCfg = Release|Any CPU
		{8167FBFA-D152-4AD6-9465-086E181C5910}.Release|x64.Build.0 = Release|Any CPU
		{8167FBFA-D152-4AD6-9465-086E181C5910}.Release|x86.ActiveCfg = Release|Any CPU
		{8167FBFA-D152-4AD6-9465-086E181C5910}.Release|x86.Build.0 = Release|Any CPU
		{870BF8A3-66C9-4566-8357-67ABC3DF40BA}.Debug|Any CPU.ActiveCfg = Debug|Any CPU
		{870BF8A3-66C9-4566-8357-67ABC3DF40BA}.Debug|Any CPU.Build.0 = Debug|Any CPU
		{870BF8A3-66C9-4566-8357-67ABC3DF40BA}.Debug|x64.ActiveCfg = Debug|Any CPU
		{870BF8A3-66C9-4566-8357-67ABC3DF40BA}.Debug|x64.Build.0 = Debug|Any CPU
		{870BF8A3-66C9-4566-8357-67ABC3DF40BA}.Debug|x86.ActiveCfg = Debug|Any CPU
		{870BF8A3-66C9-4566-8357-67ABC3DF40BA}.Debug|x86.Build.0 = Debug|Any CPU
		{870BF8A3-66C9-4566-8357-67ABC3DF40BA}.Release|Any CPU.ActiveCfg = Release|Any CPU
		{870BF8A3-66C9-4566-8357-67ABC3DF40BA}.Release|Any CPU.Build.0 = Release|Any CPU
		{870BF8A3-66C9-4566-8357-67ABC3DF40BA}.Release|x64.ActiveCfg = Release|Any CPU
		{870BF8A3-66C9-4566-8357-67ABC3DF40BA}.Release|x64.Build.0 = Release|Any CPU
		{870BF8A3-66C9-4566-8357-67ABC3DF40BA}.Release|x86.ActiveCfg = Release|Any CPU
		{870BF8A3-66C9-4566-8357-67ABC3DF40BA}.Release|x86.Build.0 = Release|Any CPU
		{958B6808-6715-403D-8E31-1F559907F163}.Debug|Any CPU.ActiveCfg = Debug|Any CPU
		{958B6808-6715-403D-8E31-1F559907F163}.Debug|Any CPU.Build.0 = Debug|Any CPU
		{958B6808-6715-403D-8E31-1F559907F163}.Debug|x64.ActiveCfg = Debug|Any CPU
		{958B6808-6715-403D-8E31-1F559907F163}.Debug|x64.Build.0 = Debug|Any CPU
		{958B6808-6715-403D-8E31-1F559907F163}.Debug|x86.ActiveCfg = Debug|Any CPU
		{958B6808-6715-403D-8E31-1F559907F163}.Debug|x86.Build.0 = Debug|Any CPU
		{958B6808-6715-403D-8E31-1F559907F163}.Release|Any CPU.ActiveCfg = Release|Any CPU
		{958B6808-6715-403D-8E31-1F559907F163}.Release|Any CPU.Build.0 = Release|Any CPU
		{958B6808-6715-403D-8E31-1F559907F163}.Release|x64.ActiveCfg = Release|Any CPU
		{958B6808-6715-403D-8E31-1F559907F163}.Release|x64.Build.0 = Release|Any CPU
		{958B6808-6715-403D-8E31-1F559907F163}.Release|x86.ActiveCfg = Release|Any CPU
		{958B6808-6715-403D-8E31-1F559907F163}.Release|x86.Build.0 = Release|Any CPU
	EndGlobalSection
	GlobalSection(SolutionProperties) = preSolution
		HideSolutionNode = FALSE
	EndGlobalSection
EndGlobal
