
Microsoft Visual Studio Solution File, Format Version 12.00
# Visual Studio Version 17
VisualStudioVersion = 17.0.31903.59
MinimumVisualStudioVersion = 10.0.40219.1
Project("{FAE04EC0-301F-11D3-BF4B-00C04F79EFBC}") = "ShopWave.Api", "ShopWave.Api\ShopWave.Api.csproj", "{73D6828C-7754-4426-AD85-808A096B5FE6}"
EndProject
Project("{FAE04EC0-301F-11D3-BF4B-00C04F79EFBC}") = "ShopWave", "ShopWave\ShopWave.csproj", "{2DC96806-1ED5-4FEE-923E-D63DF38E0FD0}"
EndProject
Project("{FAE04EC0-301F-11D3-BF4B-00C04F79EFBC}") = "ShopWave.Specs", "ShopWave.Specs\ShopWave.Specs.csproj", "{F0CA2B38-CEE5-4105-B835-FA2A94DEC973}"
EndProject
Project("{FAE04EC0-301F-11D3-BF4B-00C04F79EFBC}") = "ShopWave.Tests", "ShopWave.Tests\ShopWave.Tests.csproj", "{A02DAA53-6C7F-412D-B4BC-253450D87512}"
EndProject
Project("{FAE04EC0-301F-11D3-BF4B-00C04F79EFBC}") = "ShopWave.ConsoleDemo", "ShopWave.ConsoleDemo\ShopWave.ConsoleDemo.csproj", "{553015D0-1B1F-4A03-A1F2-0756F833B6D0}"
EndProject
Project("{FAE04EC0-301F-11D3-BF4B-00C04F79EFBC}") = "ShopWave.Web", "ShopWave.Web\ShopWave.Web.csproj", "{8F7A8B9C-B2DC-4B88-9833-184797163DC5}"
EndProject
Global
	GlobalSection(SolutionConfigurationPlatforms) = preSolution
		Debug|Any CPU = Debug|Any CPU
		Debug|x64 = Debug|x64
		Debug|x86 = Debug|x86
		Release|Any CPU = Release|Any CPU
		Release|x64 = Release|x64
		Release|x86 = Release|x86
	EndGlobalSection
	GlobalSection(ProjectConfigurationPlatforms) = postSolution
		{73D6828C-7754-4426-AD85-808A096B5FE6}.Debug|Any CPU.ActiveCfg = Debug|Any CPU
		{73D6828C-7754-4426-AD85-808A096B5FE6}.Debug|Any CPU.Build.0 = Debug|Any CPU
		{73D6828C-7754-4426-AD85-808A096B5FE6}.Debug|x64.ActiveCfg = Debug|Any CPU
		{73D6828C-7754-4426-AD85-808A096B5FE6}.Debug|x64.Build.0 = Debug|Any CPU
		{73D6828C-7754-4426-AD85-808A096B5FE6}.Debug|x86.ActiveCfg = Debug|Any CPU
		{73D6828C-7754-4426-AD85-808A096B5FE6}.Debug|x86.Build.0 = Debug|Any CPU
		{73D6828C-7754-4426-AD85-808A096B5FE6}.Release|Any CPU.ActiveCfg = Release|Any CPU
		{73D6828C-7754-4426-AD85-808A096B5FE6}.Release|Any CPU.Build.0 = Release|Any CPU
		{73D6828C-7754-4426-AD85-808A096B5FE6}.Release|x64.ActiveCfg = Release|Any CPU
		{73D6828C-7754-4426-AD85-808A096B5FE6}.Release|x64.Build.0 = Release|Any CPU
		{73D6828C-7754-4426-AD85-808A096B5FE6}.Release|x86.ActiveCfg = Release|Any CPU
		{73D6828C-7754-4426-AD85-808A096B5FE6}.Release|x86.Build.0 = Release|Any CPU
		{2DC96806-1ED5-4FEE-923E-D63DF38E0FD0}.Debug|Any CPU.ActiveCfg = Debug|Any CPU
		{2DC96806-1ED5-4FEE-923E-D63DF38E0FD0}.Debug|Any CPU.Build.0 = Debug|Any CPU
		{2DC96806-1ED5-4FEE-923E-D63DF38E0FD0}.Debug|x64.ActiveCfg = Debug|Any CPU
		{2DC96806-1ED5-4FEE-923E-D63DF38E0FD0}.Debug|x64.Build.0 = Debug|Any CPU
		{2DC96806-1ED5-4FEE-923E-D63DF38E0FD0}.Debug|x86.ActiveCfg = Debug|Any CPU
		{2DC96806-1ED5-4FEE-923E-D63DF38E0FD0}.Debug|x86.Build.0 = Debug|Any CPU
		{2DC96806-1ED5-4FEE-923E-D63DF38E0FD0}.Release|Any CPU.ActiveCfg = Release|Any CPU
		{2DC96806-1ED5-4FEE-923E-D63DF38E0FD0}.Release|Any CPU.Build.0 = Release|Any CPU
		{2DC96806-1ED5-4FEE-923E-D63DF38E0FD0}.Release|x64.ActiveCfg = Release|Any CPU
		{2DC96806-1ED5-4FEE-923E-D63DF38E0FD0}.Release|x64.Build.0 = Release|Any CPU
		{2DC96806-1ED5-4FEE-923E-D63DF38E0FD0}.Release|x86.ActiveCfg = Release|Any CPU
		{2DC96806-1ED5-4FEE-923E-D63DF38E0FD0}.Release|x86.Build.0 = Release|Any CPU
		{F0CA2B38-CEE5-4105-B835-FA2A94DEC973}.Debug|Any CPU.ActiveCfg = Debug|Any CPU
		{F0CA2B38-CEE5-4105-B835-FA2A94DEC973}.Debug|Any CPU.Build.0 = Debug|Any CPU
		{F0CA2B38-CEE5-4105-B835-FA2A94DEC973}.Debug|x64.ActiveCfg = Debug|Any CPU
		{F0CA2B38-CEE5-4105-B835-FA2A94DEC973}.Debug|x64.Build.0 = Debug|Any CPU
		{F0CA2B38-CEE5-4105-B835-FA2A94DEC973}.Debug|x86.ActiveCfg = Debug|Any CPU
		{F0CA2B38-CEE5-4105-B835-FA2A94DEC973}.Debug|x86.Build.0 = Debug|Any CPU
		{F0CA2B38-CEE5-4105-B835-FA2A94DEC973}.Release|Any CPU.ActiveCfg = Release|Any CPU
		{F0CA2B38-CEE5-4105-B835-FA2A94DEC973}.Release|Any CPU.Build.0 = Release|Any CPU
		{F0CA2B38-CEE5-4105-B835-FA2A94DEC973}.Release|x64.ActiveCfg = Release|Any CPU
		{F0CA2B38-CEE5-4105-B835-FA2A94DEC973}.Release|x64.Build.0 = Release|Any CPU
		{F0CA2B38-CEE5-4105-B835-FA2A94DEC973}.Release|x86.ActiveCfg = Release|Any CPU
		{F0CA2B38-CEE5-4105-B835-FA2A94DEC973}.Release|x86.Build.0 = Release|Any CPU
		{A02DAA53-6C7F-412D-B4BC-253450D87512}.Debug|Any CPU.ActiveCfg = Debug|Any CPU
		{A02DAA53-6C7F-412D-B4BC-253450D87512}.Debug|Any CPU.Build.0 = Debug|Any CPU
		{A02DAA53-6C7F-412D-B4BC-253450D87512}.Debug|x64.ActiveCfg = Debug|Any CPU
		{A02DAA53-6C7F-412D-B4BC-253450D87512}.Debug|x64.Build.0 = Debug|Any CPU
		{A02DAA53-6C7F-412D-B4BC-253450D87512}.Debug|x86.ActiveCfg = Debug|Any CPU
		{A02DAA53-6C7F-412D-B4BC-253450D87512}.Debug|x86.Build.0 = Debug|Any CPU
		{A02DAA53-6C7F-412D-B4BC-253450D87512}.Release|Any CPU.ActiveCfg = Release|Any CPU
		{A02DAA53-6C7F-412D-B4BC-253450D87512}.Release|Any CPU.Build.0 = Release|Any CPU
		{A02DAA53-6C7F-412D-B4BC-253450D87512}.Release|x64.ActiveCfg = Release|Any CPU
		{A02DAA53-6C7F-412D-B4BC-253450D87512}.Release|x64.Build.0 = Release|Any CPU
		{A02DAA53-6C7F-412D-B4BC-253450D87512}.Release|x86.ActiveCfg = Release|Any CPU
		{A02DAA53-6C7F-412D-B4BC-253450D87512}.Release|x86.Build.0 = Release|Any CPU
		{553015D0-1B1F-4A03-A1F2-0756F833B6D0}.Debug|Any CPU.ActiveCfg = Debug|Any CPU
		{553015D0-1B1F-4A03-A1F2-0756F833B6D0}.Debug|Any CPU.Build.0 = Debug|Any CPU
		{553015D0-1B1F-4A03-A1F2-0756F833B6D0}.Debug|x64.ActiveCfg = Debug|Any CPU
		{553015D0-1B1F-4A03-A1F2-0756F833B6D0}.Debug|x64.Build.0 = Debug|Any CPU
		{553015D0-1B1F-4A03-A1F2-0756F833B6D0}.Debug|x86.ActiveCfg = Debug|Any CPU
		{553015D0-1B1F-4A03-A1F2-0756F833B6D0}.Debug|x86.Build.0 = Debug|Any CPU
		{553015D0-1B1F-4A03-A1F2-0756F833B6D0}.Release|Any CPU.ActiveCfg = Release|Any CPU
		{553015D0-1B1F-4A03-A1F2-0756F833B6D0}.Release|Any CPU.Build.0 = Release|Any CPU
		{553015D0-1B1F-4A03-A1F2-0756F833B6D0}.Release|x64.ActiveCfg = Release|Any CPU
		{553015D0-1B1F-4A03-A1F2-0756F833B6D0}.Release|x64.Build.0 = Release|Any CPU
		{553015D0-1B1F-4A03-A1F2-0756F833B6D0}.Release|x86.ActiveCfg = Release|Any CPU
		{553015D0-1B1F-4A03-A1F2-0756F833B6D0}.Release|x86.Build.0 = Release|Any CPU
		{8F7A8B9C-B2DC-4B88-9833-184797163DC5}.Debug|Any CPU.ActiveCfg = Debug|Any CPU
		{8F7A8B9C-B2DC-4B88-9833-184797163DC5}.Debug|Any CPU.Build.0 = Debug|Any CPU
		{8F7A8B9C-B2DC-4B88-9833-184797163DC5}.Debug|x64.ActiveCfg = Debug|Any CPU
		{8F7A8B9C-B2DC-4B88-9833-184797163DC5}.Debug|x64.Build.0 = Debug|Any CPU
		{8F7A8B9C-B2DC-4B88-9833-184797163DC5}.Debug|x86.ActiveCfg = Debug|Any CPU
		{8F7A8B9C-B2DC-4B88-9833-184797163DC5}.Debug|x86.Build.0 = Debug|Any CPU
		{8F7A8B9C-B2DC-4B88-9833-184797163DC5}.Release|Any CPU.ActiveCfg = Release|Any CPU
		{8F7A8B9C-B2DC-4B88-9833-184797163DC5}.Release|Any CPU.Build.0 = Release|Any CPU
		{8F7A8B9C-B2DC-4B88-9833-184797163DC5}.Release|x64.ActiveCfg = Release|Any CPU
		{8F7A8B9C-B2DC-4B88-9833-184797163DC5}.Release|x64.Build.0 = Release|Any CPU
		{8F7A8B9C-B2DC-4B88-9833-184797163DC5}.Release|x86.ActiveCfg = Release|Any CPU
		{8F7A8B9C-B2DC-4B88-9833-184797163DC5}.Release|x86.Build.0 = Release|Any CPU
	EndGlobalSection
	GlobalSection(SolutionProperties) = preSolution
		HideSolutionNode = FALSE
	EndGlobalSection
EndGlobal
