
Microsoft Visual Studio Solution File, Format Version 12.00
# Visual Studio Version 17
VisualStudioVersion = 17.0.31903.59
MinimumVisualStudioVersion = 10.0.40219.1
Project("{FAE04EC0-301F-11D3-BF4B-00C04F79EFBC}") = "ShopWave.Tests", "ShopWave.Tests\ShopWave.Tests.csproj", "{792B517B-26DB-410C-A5F5-A259ACD6A3D6}"
EndProject
Project("{FAE04EC0-301F-11D3-BF4B-00C04F79EFBC}") = "ShopWave", "ShopWave\ShopWave.csproj", "{D9D6C0C1-6CC7-4665-A1AD-B7BE305F1625}"
EndProject
Project("{FAE04EC0-301F-11D3-BF4B-00C04F79EFBC}") = "ShopWave.ConsoleDemo", "ShopWave.ConsoleDemo\ShopWave.ConsoleDemo.csproj", "{EC1F2183-68FD-4179-97FF-EB4705414552}"
EndProject
Project("{FAE04EC0-301F-11D3-BF4B-00C04F79EFBC}") = "ShopWave.Web", "ShopWave.Web\ShopWave.Web.csproj", "{64C4B430-6159-461F-9E43-F2F1560DB019}"
EndProject
Global
	GlobalSection(SolutionConfigurationPlatforms) = preSolution
		Debug|Any CPU = Debug|Any CPU
		Debug|x64 = Debug|x64
		Debug|x86 = Debug|x86
		Release|Any CPU = Release|Any CPU
		Release|x64 = Release|x64
		Release|x86 = Release|x86
	EndGlobalSection
	GlobalSection(ProjectConfigurationPlatforms) = postSolution
		{792B517B-26DB-410C-A5F5-A259ACD6A3D6}.Debug|Any CPU.ActiveCfg = Debug|Any CPU
		{792B517B-26DB-410C-A5F5-A259ACD6A3D6}.Debug|Any CPU.Build.0 = Debug|Any CPU
		{792B517B-26DB-410C-A5F5-A259ACD6A3D6}.Debug|x64.ActiveCfg = Debug|Any CPU
		{792B517B-26DB-410C-A5F5-A259ACD6A3D6}.Debug|x64.Build.0 = Debug|Any CPU
		{792B517B-26DB-410C-A5F5-A259ACD6A3D6}.Debug|x86.ActiveCfg = Debug|Any CPU
		{792B517B-26DB-410C-A5F5-A259ACD6A3D6}.Debug|x86.Build.0 = Debug|Any CPU
		{792B517B-26DB-410C-A5F5-A259ACD6A3D6}.Release|Any CPU.ActiveCfg = Release|Any CPU
		{792B517B-26DB-410C-A5F5-A259ACD6A3D6}.Release|Any CPU.Build.0 = Release|Any CPU
		{792B517B-26DB-410C-A5F5-A259ACD6A3D6}.Release|x64.ActiveCfg = Release|Any CPU
		{792B517B-26DB-410C-A5F5-A259ACD6A3D6}.Release|x64.Build.0 = Release|Any CPU
		{792B517B-26DB-410C-A5F5-A259ACD6A3D6}.Release|x86.ActiveCfg = Release|Any CPU
		{792B517B-26DB-410C-A5F5-A259ACD6A3D6}.Release|x86.Build.0 = Release|Any CPU
		{D9D6C0C1-6CC7-4665-A1AD-B7BE305F1625}.Debug|Any CPU.ActiveCfg = Debug|Any CPU
		{D9D6C0C1-6CC7-4665-A1AD-B7BE305F1625}.Debug|Any CPU.Build.0 = Debug|Any CPU
		{D9D6C0C1-6CC7-4665-A1AD-B7BE305F1625}.Debug|x64.ActiveCfg = Debug|Any CPU
		{D9D6C0C1-6CC7-4665-A1AD-B7BE305F1625}.Debug|x64.Build.0 = Debug|Any CPU
		{D9D6C0C1-6CC7-4665-A1AD-B7BE305F1625}.Debug|x86.ActiveCfg = Debug|Any CPU
		{D9D6C0C1-6CC7-4665-A1AD-B7BE305F1625}.Debug|x86.Build.0 = Debug|Any CPU
		{D9D6C0C1-6CC7-4665-A1AD-B7BE305F1625}.Release|Any CPU.ActiveCfg = Release|Any CPU
		{D9D6C0C1-6CC7-4665-A1AD-B7BE305F1625}.Release|Any CPU.Build.0 = Release|Any CPU
		{D9D6C0C1-6CC7-4665-A1AD-B7BE305F1625}.Release|x64.ActiveCfg = Release|Any CPU
		{D9D6C0C1-6CC7-4665-A1AD-B7BE305F1625}.Release|x64.Build.0 = Release|Any CPU
		{D9D6C0C1-6CC7-4665-A1AD-B7BE305F1625}.Release|x86.ActiveCfg = Release|Any CPU
		{D9D6C0C1-6CC7-4665-A1AD-B7BE305F1625}.Release|x86.Build.0 = Release|Any CPU
		{EC1F2183-68FD-4179-97FF-EB4705414552}.Debug|Any CPU.ActiveCfg = Debug|Any CPU
		{EC1F2183-68FD-4179-97FF-EB4705414552}.Debug|Any CPU.Build.0 = Debug|Any CPU
		{EC1F2183-68FD-4179-97FF-EB4705414552}.Debug|x64.ActiveCfg = Debug|Any CPU
		{EC1F2183-68FD-4179-97FF-EB4705414552}.Debug|x64.Build.0 = Debug|Any CPU
		{EC1F2183-68FD-4179-97FF-EB4705414552}.Debug|x86.ActiveCfg = Debug|Any CPU
		{EC1F2183-68FD-4179-97FF-EB4705414552}.Debug|x86.Build.0 = Debug|Any CPU
		{EC1F2183-68FD-4179-97FF-EB4705414552}.Release|Any CPU.ActiveCfg = Release|Any CPU
		{EC1F2183-68FD-4179-97FF-EB4705414552}.Release|Any CPU.Build.0 = Release|Any CPU
		{EC1F2183-68FD-4179-97FF-EB4705414552}.Release|x64.ActiveCfg = Release|Any CPU
		{EC1F2183-68FD-4179-97FF-EB4705414552}.Release|x64.Build.0 = Release|Any CPU
		{EC1F2183-68FD-4179-97FF-EB4705414552}.Release|x86.ActiveCfg = Release|Any CPU
		{EC1F2183-68FD-4179-97FF-EB4705414552}.Release|x86.Build.0 = Release|Any CPU
		{64C4B430-6159-461F-9E43-F2F1560DB019}.Debug|Any CPU.ActiveCfg = Debug|Any CPU
		{64C4B430-6159-461F-9E43-F2F1560DB019}.Debug|Any CPU.Build.0 = Debug|Any CPU
		{64C4B430-6159-461F-9E43-F2F1560DB019}.Debug|x64.ActiveCfg = Debug|Any CPU
		{64C4B430-6159-461F-9E43-F2F1560DB019}.Debug|x64.Build.0 = Debug|Any CPU
		{64C4B430-6159-461F-9E43-F2F1560DB019}.Debug|x86.ActiveCfg = Debug|Any CPU
		{64C4B430-6159-461F-9E43-F2F1560DB019}.Debug|x86.Build.0 = Debug|Any CPU
		{64C4B430-6159-461F-9E43-F2F1560DB019}.Release|Any CPU.ActiveCfg = Release|Any CPU
		{64C4B430-6159-461F-9E43-F2F1560DB019}.Release|Any CPU.Build.0 = Release|Any CPU
		{64C4B430-6159-461F-9E43-F2F1560DB019}.Release|x64.ActiveCfg = Release|Any CPU
		{64C4B430-6159-461F-9E43-F2F1560DB019}.Release|x64.Build.0 = Release|Any CPU
		{64C4B430-6159-461F-9E43-F2F1560DB019}.Release|x86.ActiveCfg = Release|Any CPU
		{64C4B430-6159-461F-9E43-F2F1560DB019}.Release|x86.Build.0 = Release|Any CPU
	EndGlobalSection
	GlobalSection(SolutionProperties) = preSolution
		HideSolutionNode = FALSE
	EndGlobalSection
EndGlobal
