
Microsoft Visual Studio Solution File, Format Version 12.00
# Visual Studio Version 17
VisualStudioVersion = 17.0.31903.59
MinimumVisualStudioVersion = 10.0.40219.1
Project("{FAE04EC0-301F-11D3-BF4B-00C04F79EFBC}") = "ShopWave.Tests", "ShopWave.Tests\ShopWave.Tests.csproj", "{948FF9CA-566B-41B1-8463-6E2B19DCB174}"
EndProject
Project("{FAE04EC0-301F-11D3-BF4B-00C04F79EFBC}") = "ShopWave", "ShopWave\ShopWave.csproj", "{F59BC418-02FB-419A-97E7-E4E83762F199}"
EndProject
Global
	GlobalSection(SolutionConfigurationPlatforms) = preSolution
		Debug|Any CPU = Debug|Any CPU
		Debug|x64 = Debug|x64
		Debug|x86 = Debug|x86
		Release|Any CPU = Release|Any CPU
		Release|x64 = Release|x64
		Release|x86 = Release|x86
	EndGlobalSection
	GlobalSection(ProjectConfigurationPlatforms) = postSolution
		{948FF9CA-566B-41B1-8463-6E2B19DCB174}.Debug|Any CPU.ActiveCfg = Debug|Any CPU
		{948FF9CA-566B-41B1-8463-6E2B19DCB174}.Debug|Any CPU.Build.0 = Debug|Any CPU
		{948FF9CA-566B-41B1-8463-6E2B19DCB174}.Debug|x64.ActiveCfg = Debug|Any CPU
		{948FF9CA-566B-41B1-8463-6E2B19DCB174}.Debug|x64.Build.0 = Debug|Any CPU
		{948FF9CA-566B-41B1-8463-6E2B19DCB174}.Debug|x86.ActiveCfg = Debug|Any CPU
		{948FF9CA-566B-41B1-8463-6E2B19DCB174}.Debug|x86.Build.0 = Debug|Any CPU
		{948FF9CA-566B-41B1-8463-6E2B19DCB174}.Release|Any CPU.ActiveCfg = Release|Any CPU
		{948FF9CA-566B-41B1-8463-6E2B19DCB174}.Release|Any CPU.Build.0 = Release|Any CPU
		{948FF9CA-566B-41B1-8463-6E2B19DCB174}.Release|x64.ActiveCfg = Release|Any CPU
		{948FF9CA-566B-41B1-8463-6E2B19DCB174}.Release|x64.Build.0 = Release|Any CPU
		{948FF9CA-566B-41B1-8463-6E2B19DCB174}.Release|x86.ActiveCfg = Release|Any CPU
		{948FF9CA-566B-41B1-8463-6E2B19DCB174}.Release|x86.Build.0 = Release|Any CPU
		{F59BC418-02FB-419A-97E7-E4E83762F199}.Debug|Any CPU.ActiveCfg = Debug|Any CPU
		{F59BC418-02FB-419A-97E7-E4E83762F199}.Debug|Any CPU.Build.0 = Debug|Any CPU
		{F59BC418-02FB-419A-97E7-E4E83762F199}.Debug|x64.ActiveCfg = Debug|Any CPU
		{F59BC418-02FB-419A-97E7-E4E83762F199}.Debug|x64.Build.0 = Debug|Any CPU
		{F59BC418-02FB-419A-97E7-E4E83762F199}.Debug|x86.ActiveCfg = Debug|Any CPU
		{F59BC418-02FB-419A-97E7-E4E83762F199}.Debug|x86.Build.0 = Debug|Any CPU
		{F59BC418-02FB-419A-97E7-E4E83762F199}.Release|Any CPU.ActiveCfg = Release|Any CPU
		{F59BC418-02FB-419A-97E7-E4E83762F199}.Release|Any CPU.Build.0 = Release|Any CPU
		{F59BC418-02FB-419A-97E7-E4E83762F199}.Release|x64.ActiveCfg = Release|Any CPU
		{F59BC418-02FB-419A-97E7-E4E83762F199}.Release|x64.Build.0 = Release|Any CPU
		{F59BC418-02FB-419A-97E7-E4E83762F199}.Release|x86.ActiveCfg = Release|Any CPU
		{F59BC418-02FB-419A-97E7-E4E83762F199}.Release|x86.Build.0 = Release|Any CPU
	EndGlobalSection
	GlobalSection(SolutionProperties) = preSolution
		HideSolutionNode = FALSE
	EndGlobalSection
EndGlobal
