
Microsoft Visual Studio Solution File, Format Version 12.00
# Visual Studio Version 17
VisualStudioVersion = 17.0.31903.59
MinimumVisualStudioVersion = 10.0.40219.1
Project("{FAE04EC0-301F-11D3-BF4B-00C04F79EFBC}") = "ShopWave.Tests", "ShopWave.Tests\ShopWave.Tests.csproj", "{CB0D476E-433C-476E-9777-C86A3CD6B80B}"
EndProject
Project("{FAE04EC0-301F-11D3-BF4B-00C04F79EFBC}") = "ShopWave", "ShopWave\ShopWave.csproj", "{FB83371A-7142-4ECD-B36B-34159B3B1892}"
EndProject
Project("{FAE04EC0-301F-11D3-BF4B-00C04F79EFBC}") = "ShopWave.ConsoleDemo", "ShopWave.ConsoleDemo\ShopWave.ConsoleDemo.csproj", "{C1C09E01-A205-4947-BEF0-CFEA77A05E91}"
EndProject
Project("{FAE04EC0-301F-11D3-BF4B-00C04F79EFBC}") = "ShopWave.Web", "ShopWave.Web\ShopWave.Web.csproj", "{4EDE3A81-03B3-419D-A7B8-D9E174604B3A}"
EndProject
Global
	GlobalSection(SolutionConfigurationPlatforms) = preSolution
		Debug|Any CPU = Debug|Any CPU
		Debug|x64 = Debug|x64
		Debug|x86 = Debug|x86
		Release|Any CPU = Release|Any CPU
		Release|x64 = Release|x64
		Release|x86 = Release|x86
	EndGlobalSection
	GlobalSection(ProjectConfigurationPlatforms) = postSolution
		{CB0D476E-433C-476E-9777-C86A3CD6B80B}.Debug|Any CPU.ActiveCfg = Debug|Any CPU
		{CB0D476E-433C-476E-9777-C86A3CD6B80B}.Debug|Any CPU.Build.0 = Debug|Any CPU
		{CB0D476E-433C-476E-9777-C86A3CD6B80B}.Debug|x64.ActiveCfg = Debug|Any CPU
		{CB0D476E-433C-476E-9777-C86A3CD6B80B}.Debug|x64.Build.0 = Debug|Any CPU
		{CB0D476E-433C-476E-9777-C86A3CD6B80B}.Debug|x86.ActiveCfg = Debug|Any CPU
		{CB0D476E-433C-476E-9777-C86A3CD6B80B}.Debug|x86.Build.0 = Debug|Any CPU
		{CB0D476E-433C-476E-9777-C86A3CD6B80B}.Release|Any CPU.ActiveCfg = Release|Any CPU
		{CB0D476E-433C-476E-9777-C86A3CD6B80B}.Release|Any CPU.Build.0 = Release|Any CPU
		{CB0D476E-433C-476E-9777-C86A3CD6B80B}.Release|x64.ActiveCfg = Release|Any CPU
		{CB0D476E-433C-476E-9777-C86A3CD6B80B}.Release|x64.Build.0 = Release|Any CPU
		{CB0D476E-433C-476E-9777-C86A3CD6B80B}.Release|x86.ActiveCfg = Release|Any CPU
		{CB0D476E-433C-476E-9777-C86A3CD6B80B}.Release|x86.Build.0 = Release|Any CPU
		{FB83371A-7142-4ECD-B36B-34159B3B1892}.Debug|Any CPU.ActiveCfg = Debug|Any CPU
		{FB83371A-7142-4ECD-B36B-34159B3B1892}.Debug|Any CPU.Build.0 = Debug|Any CPU
		{FB83371A-7142-4ECD-B36B-34159B3B1892}.Debug|x64.ActiveCfg = Debug|Any CPU
		{FB83371A-7142-4ECD-B36B-34159B3B1892}.Debug|x64.Build.0 = Debug|Any CPU
		{FB83371A-7142-4ECD-B36B-34159B3B1892}.Debug|x86.ActiveCfg = Debug|Any CPU
		{FB83371A-7142-4ECD-B36B-34159B3B1892}.Debug|x86.Build.0 = Debug|Any CPU
		{FB83371A-7142-4ECD-B36B-34159B3B1892}.Release|Any CPU.ActiveCfg = Release|Any CPU
		{FB83371A-7142-4ECD-B36B-34159B3B1892}.Release|Any CPU.Build.0 = Release|Any CPU
		{FB83371A-7142-4ECD-B36B-34159B3B1892}.Release|x64.ActiveCfg = Release|Any CPU
		{FB83371A-7142-4ECD-B36B-34159B3B1892}.Release|x64.Build.0 = Release|Any CPU
		{FB83371A-7142-4ECD-B36B-34159B3B1892}.Release|x86.ActiveCfg = Release|Any CPU
		{FB83371A-7142-4ECD-B36B-34159B3B1892}.Release|x86.Build.0 = Release|Any CPU
		{C1C09E01-A205-4947-BEF0-CFEA77A05E91}.Debug|Any CPU.ActiveCfg = Debug|Any CPU
		{C1C09E01-A205-4947-BEF0-CFEA77A05E91}.Debug|Any CPU.Build.0 = Debug|Any CPU
		{C1C09E01-A205-4947-BEF0-CFEA77A05E91}.Debug|x64.ActiveCfg = Debug|Any CPU
		{C1C09E01-A205-4947-BEF0-CFEA77A05E91}.Debug|x64.Build.0 = Debug|Any CPU
		{C1C09E01-A205-4947-BEF0-CFEA77A05E91}.Debug|x86.ActiveCfg = Debug|Any CPU
		{C1C09E01-A205-4947-BEF0-CFEA77A05E91}.Debug|x86.Build.0 = Debug|Any CPU
		{C1C09E01-A205-4947-BEF0-CFEA77A05E91}.Release|Any CPU.ActiveCfg = Release|Any CPU
		{C1C09E01-A205-4947-BEF0-CFEA77A05E91}.Release|Any CPU.Build.0 = Release|Any CPU
		{C1C09E01-A205-4947-BEF0-CFEA77A05E91}.Release|x64.ActiveCfg = Release|Any CPU
		{C1C09E01-A205-4947-BEF0-CFEA77A05E91}.Release|x64.Build.0 = Release|Any CPU
		{C1C09E01-A205-4947-BEF0-CFEA77A05E91}.Release|x86.ActiveCfg = Release|Any CPU
		{C1C09E01-A205-4947-BEF0-CFEA77A05E91}.Release|x86.Build.0 = Release|Any CPU
		{4EDE3A81-03B3-419D-A7B8-D9E174604B3A}.Debug|Any CPU.ActiveCfg = Debug|Any CPU
		{4EDE3A81-03B3-419D-A7B8-D9E174604B3A}.Debug|Any CPU.Build.0 = Debug|Any CPU
		{4EDE3A81-03B3-419D-A7B8-D9E174604B3A}.Debug|x64.ActiveCfg = Debug|Any CPU
		{4EDE3A81-03B3-419D-A7B8-D9E174604B3A}.Debug|x64.Build.0 = Debug|Any CPU
		{4EDE3A81-03B3-419D-A7B8-D9E174604B3A}.Debug|x86.ActiveCfg = Debug|Any CPU
		{4EDE3A81-03B3-419D-A7B8-D9E174604B3A}.Debug|x86.Build.0 = Debug|Any CPU
		{4EDE3A81-03B3-419D-A7B8-D9E174604B3A}.Release|Any CPU.ActiveCfg = Release|Any CPU
		{4EDE3A81-03B3-419D-A7B8-D9E174604B3A}.Release|Any CPU.Build.0 = Release|Any CPU
		{4EDE3A81-03B3-419D-A7B8-D9E174604B3A}.Release|x64.ActiveCfg = Release|Any CPU
		{4EDE3A81-03B3-419D-A7B8-D9E174604B3A}.Release|x64.Build.0 = Release|Any CPU
		{4EDE3A81-03B3-419D-A7B8-D9E174604B3A}.Release|x86.ActiveCfg = Release|Any CPU
		{4EDE3A81-03B3-419D-A7B8-D9E174604B3A}.Release|x86.Build.0 = Release|Any CPU
	EndGlobalSection
	GlobalSection(SolutionProperties) = preSolution
		HideSolutionNode = FALSE
	EndGlobalSection
EndGlobal
